
Microsoft Visual Studio Solution File, Format Version 12.00
# Visual Studio Version 17
VisualStudioVersion = 17.3.32929.385
MinimumVisualStudioVersion = 10.0.40219.1
Project("{FAE04EC0-301F-11D3-BF4B-00C04F79EFBC}") = "Restaurant.API", "Restaurant.API\Restaurant.API.csproj", "{68A48971-F0F4-4B8F-B6E6-335888C6950D}"
EndProject
Project("{FAE04EC0-301F-11D3-BF4B-00C04F79EFBC}") = "Restaurant.Models", "Restaurant.Models\Restaurant.Models.csproj", "{F7C25CD2-F938-4CF7-8364-19A3BF968A0C}"
EndProject
Global
	GlobalSection(SolutionConfigurationPlatforms) = preSolution
		Debug|Any CPU = Debug|Any CPU
		Release|Any CPU = Release|Any CPU
	EndGlobalSection
	GlobalSection(ProjectConfigurationPlatforms) = postSolution
		{68A48971-F0F4-4B8F-B6E6-335888C6950D}.Debug|Any CPU.ActiveCfg = Debug|Any CPU
		{68A48971-F0F4-4B8F-B6E6-335888C6950D}.Debug|Any CPU.Build.0 = Debug|Any CPU
		{68A48971-F0F4-4B8F-B6E6-335888C6950D}.Release|Any CPU.ActiveCfg = Release|Any CPU
		{68A48971-F0F4-4B8F-B6E6-335888C6950D}.Release|Any CPU.Build.0 = Release|Any CPU
		{F7C25CD2-F938-4CF7-8364-19A3BF968A0C}.Debug|Any CPU.ActiveCfg = Debug|Any CPU
		{F7C25CD2-F938-4CF7-8364-19A3BF968A0C}.Debug|Any CPU.Build.0 = Debug|Any CPU
		{F7C25CD2-F938-4CF7-8364-19A3BF968A0C}.Release|Any CPU.ActiveCfg = Release|Any CPU
		{F7C25CD2-F938-4CF7-8364-19A3BF968A0C}.Release|Any CPU.Build.0 = Release|Any CPU
	EndGlobalSection
	GlobalSection(SolutionProperties) = preSolution
		HideSolutionNode = FALSE
	EndGlobalSection
	GlobalSection(ExtensibilityGlobals) = postSolution
		SolutionGuid = {10F54B78-2BF1-4F82-BB28-438FE24B92C0}
	EndGlobalSection
EndGlobal
